<?xml version="1.0" encoding="utf-8"?>
<Project ToolsVersion="4.0" xmlns="http://schemas.microsoft.com/developer/msbuild/2003">
  <ItemGroup>
    <Filter Include="KamataEngine">
      <UniqueIdentifier>{4FC737F1-C7A5-4376-A066-2A32D752A2FF}</UniqueIdentifier>
      <Extensions>cpp;c;cc;cxx;c++;cppm;ixx;def;odl;idl;hpj;bat;asm;asmx</Extensions>
    </Filter>
    <Filter Include="KamataEngine\Source">
      <UniqueIdentifier>{d966e9f8-e880-44ae-8586-a08515e4cffc}</UniqueIdentifier>
    </Filter>
    <Filter Include="KamataEngine\Include">
      <UniqueIdentifier>{4aae4e40-94f7-4d32-9a91-c0c37a2edf0d}</UniqueIdentifier>
    </Filter>
    <Filter Include="KamataEngine\Adapter">
      <UniqueIdentifier>{c6468eb4-788b-4a83-b207-a5f4804e56c5}</UniqueIdentifier>
    </Filter>
    <Filter Include="Manager">
      <UniqueIdentifier>{16cdc1f9-e6d4-4911-b4c9-bb7e38c2d452}</UniqueIdentifier>
    </Filter>
    <Filter Include="Scene">
      <UniqueIdentifier>{780ffdad-02f2-425e-bb4c-55e9c6eabe28}</UniqueIdentifier>
    </Filter>
    <Filter Include="Tool">
      <UniqueIdentifier>{160c6857-8b98-4c93-a03d-99c85d91fba4}</UniqueIdentifier>
    </Filter>
    <Filter Include="Object">
      <UniqueIdentifier>{f01f04eb-0b54-464a-baa6-8a29ea897032}</UniqueIdentifier>
    </Filter>
    <Filter Include="Object\Snake">
      <UniqueIdentifier>{f494be59-43e8-49c0-b30e-5afb4e56977b}</UniqueIdentifier>
    </Filter>
    <Filter Include="Object\Bullet">
      <UniqueIdentifier>{da2a07c8-4bfb-48fe-871c-f54223cb3c7a}</UniqueIdentifier>
    </Filter>
    <Filter Include="Object\StateMachine">
      <UniqueIdentifier>{89930628-f20f-46c0-a644-b454be0c8592}</UniqueIdentifier>
    </Filter>
    <Filter Include="Object\Player">
      <UniqueIdentifier>{3bd051e9-4a89-4bdf-8d42-fe189adc3837}</UniqueIdentifier>
    </Filter>
    <Filter Include="Manager\Collision">
      <UniqueIdentifier>{0e7a6bfb-87a7-435e-b86d-9a8ac145d034}</UniqueIdentifier>
    </Filter>
    <Filter Include="Object\Emitter">
      <UniqueIdentifier>{c2f48dfe-373d-4ddb-bfba-290e5786743a}</UniqueIdentifier>
    </Filter>
  </ItemGroup>
  <ItemGroup>
    <ClCompile Include="C:\KamataEngine\DirectXGame\base\DirectXCommon.cpp">
      <Filter>KamataEngine\Source</Filter>
    </ClCompile>
    <ClCompile Include="C:\KamataEngine\DirectXGame\base\TextureManager.cpp">
      <Filter>KamataEngine\Source</Filter>
    </ClCompile>
    <ClCompile Include="C:\KamataEngine\DirectXGame\scene\GameScene.cpp">
      <Filter>KamataEngine\Source</Filter>
    </ClCompile>
    <ClCompile Include="C:\KamataEngine\DirectXGame\base\WinApp.cpp">
      <Filter>KamataEngine\Source</Filter>
    </ClCompile>
    <ClCompile Include="main.cpp" />
    <ClCompile Include="C:\KamataEngine\Adapter\Novice.cpp">
      <Filter>KamataEngine\Adapter</Filter>
    </ClCompile>
    <ClCompile Include="C:\KamataEngine\DirectXGame\2d\ImGuiManager.cpp">
      <Filter>KamataEngine</Filter>
    </ClCompile>
    <ClCompile Include="C:\KamataEngine\DirectXGame\base\StringUtility.cpp">
      <Filter>KamataEngine\Source</Filter>
    </ClCompile>
    <ClCompile Include="Manager\SceneManager.cpp">
      <Filter>Manager</Filter>
    </ClCompile>
    <ClCompile Include="Scene\TitleScene.cpp">
      <Filter>Scene</Filter>
    </ClCompile>
    <ClCompile Include="Scene\Game.cpp">
      <Filter>Scene</Filter>
    </ClCompile>
    <ClCompile Include="Manager\CharactorManager.cpp">
      <Filter>Manager</Filter>
    </ClCompile>
    <ClCompile Include="Manager\ObjectManager.cpp">
      <Filter>Manager</Filter>
    </ClCompile>
    <ClCompile Include="Object\Charactor.cpp">
      <Filter>Object</Filter>
    </ClCompile>
    <ClCompile Include="Object\Object.cpp">
      <Filter>Object</Filter>
    </ClCompile>
    <ClCompile Include="Object\Snake.cpp">
      <Filter>Object\Snake</Filter>
    </ClCompile>
    <ClCompile Include="Scene\TestScene.cpp">
      <Filter>Scene</Filter>
    </ClCompile>
    <ClCompile Include="Object\Node.cpp">
      <Filter>Object\Snake</Filter>
    </ClCompile>
    <ClCompile Include="State\StateMachine.cpp">
      <Filter>Object\StateMachine</Filter>
    </ClCompile>
    <ClCompile Include="State\SnakeState.cpp">
      <Filter>Object\StateMachine</Filter>
    </ClCompile>
    <ClCompile Include="Object\Player.cpp">
      <Filter>Object\Player</Filter>
    </ClCompile>
    <ClCompile Include="Manager\collision_manager.cpp">
      <Filter>Manager\Collision</Filter>
    </ClCompile>
    <ClCompile Include="Object\Bullet.cpp">
      <Filter>Object\Bullet</Filter>
    </ClCompile>
    <ClCompile Include="Object\PlayerBullet.cpp">
      <Filter>Object\Bullet</Filter>
    </ClCompile>
    <ClCompile Include="State\PlayerBulletState.cpp">
      <Filter>Object\StateMachine</Filter>
    </ClCompile>
    <ClCompile Include="Camera.cpp" />
    <ClCompile Include="Object\Wall.cpp">
      <Filter>Object</Filter>
    </ClCompile>
    <ClCompile Include="Object\BasicBullet.cpp">
      <Filter>Object\Bullet</Filter>
    </ClCompile>
    <ClCompile Include="Object\Beam.cpp">
      <Filter>Object\Bullet</Filter>
    </ClCompile>
    <ClCompile Include="Object\Emitter\Emitter.cpp">
      <Filter>Object\Emitter</Filter>
    </ClCompile>
    <ClCompile Include="Object\Emitter\BlockEmiiter.cpp">
      <Filter>Object\Emitter</Filter>
    </ClCompile>
    <ClCompile Include="Object\Emitter\BlockParticle.cpp">
      <Filter>Object\Emitter</Filter>
    </ClCompile>
    <ClCompile Include="Object\Emitter\CircleEmitter.cpp">
      <Filter>Object\Emitter</Filter>
    </ClCompile>
    <ClCompile Include="Object\Emitter\CircleParticle.cpp">
      <Filter>Object\Emitter</Filter>
    </ClCompile>
    <ClCompile Include="Object\ButtonWall.cpp">
      <Filter>Object</Filter>
    </ClCompile>
  </ItemGroup>
  <ItemGroup>
    <ClInclude Include="C:\KamataEngine\DirectXGame\audio\Audio.h">
      <Filter>KamataEngine\Include</Filter>
    </ClInclude>
    <ClInclude Include="C:\KamataEngine\DirectXGame\2d\DebugText.h">
      <Filter>KamataEngine\Include</Filter>
    </ClInclude>
    <ClInclude Include="C:\KamataEngine\DirectXGame\base\DirectXCommon.h">
      <Filter>KamataEngine\Include</Filter>
    </ClInclude>
    <ClInclude Include="C:\KamataEngine\DirectXGame\scene\GameScene.h">
      <Filter>KamataEngine\Include</Filter>
    </ClInclude>
    <ClInclude Include="C:\KamataEngine\DirectXGame\input\Input.h">
      <Filter>KamataEngine\Include</Filter>
    </ClInclude>
    <ClInclude Include="C:\KamataEngine\DirectXGame\3d\Model.h">
      <Filter>KamataEngine\Include</Filter>
    </ClInclude>
    <ClInclude Include="C:\KamataEngine\DirectXGame\base\SafeDelete.h">
      <Filter>KamataEngine\Include</Filter>
    </ClInclude>
    <ClInclude Include="C:\KamataEngine\DirectXGame\2d\Sprite.h">
      <Filter>KamataEngine\Include</Filter>
    </ClInclude>
    <ClInclude Include="C:\KamataEngine\DirectXGame\base\TextureManager.h">
      <Filter>KamataEngine\Include</Filter>
    </ClInclude>
    <ClInclude Include="C:\KamataEngine\DirectXGame\3d\ViewProjection.h">
      <Filter>KamataEngine\Include</Filter>
    </ClInclude>
    <ClInclude Include="C:\KamataEngine\DirectXGame\base\WinApp.h">
      <Filter>KamataEngine\Include</Filter>
    </ClInclude>
    <ClInclude Include="C:\KamataEngine\DirectXGame\3d\WorldTransform.h">
      <Filter>KamataEngine\Include</Filter>
    </ClInclude>
    <ClInclude Include="C:\KamataEngine\Adapter\Novice.h">
      <Filter>KamataEngine\Adapter</Filter>
    </ClInclude>
    <ClInclude Include="C:\KamataEngine\DirectXGame\3d\CircleShadow.h">
      <Filter>KamataEngine\Include</Filter>
    </ClInclude>
    <ClInclude Include="C:\KamataEngine\DirectXGame\3d\DebugCamera.h">
      <Filter>KamataEngine\Include</Filter>
    </ClInclude>
    <ClInclude Include="C:\KamataEngine\DirectXGame\3d\DirectionalLight.h">
      <Filter>KamataEngine\Include</Filter>
    </ClInclude>
    <ClInclude Include="C:\KamataEngine\DirectXGame\3d\LightGroup.h">
      <Filter>KamataEngine\Include</Filter>
    </ClInclude>
    <ClInclude Include="C:\KamataEngine\DirectXGame\3d\Material.h">
      <Filter>KamataEngine\Include</Filter>
    </ClInclude>
    <ClInclude Include="C:\KamataEngine\DirectXGame\3d\Mesh.h">
      <Filter>KamataEngine\Include</Filter>
    </ClInclude>
    <ClInclude Include="C:\KamataEngine\DirectXGame\3d\PointLight.h">
      <Filter>KamataEngine\Include</Filter>
    </ClInclude>
    <ClInclude Include="C:\KamataEngine\DirectXGame\3d\SpotLight.h">
      <Filter>KamataEngine\Include</Filter>
    </ClInclude>
    <ClInclude Include="C:\KamataEngine\DirectXGame\math\Matrix4x4.h" />
    <ClInclude Include="C:\KamataEngine\DirectXGame\math\Vector2.h" />
    <ClInclude Include="C:\KamataEngine\DirectXGame\math\Vector3.h" />
    <ClInclude Include="C:\KamataEngine\DirectXGame\math\Vector4.h" />
    <ClInclude Include="C:\KamataEngine\DirectXGame\2d\ImGuiManager.h" />
    <ClInclude Include="C:\KamataEngine\DirectXGame\base\StringUtility.h">
      <Filter>KamataEngine\Include</Filter>
    </ClInclude>
    <ClInclude Include="Manager\SceneManager.h">
      <Filter>Manager</Filter>
    </ClInclude>
    <ClInclude Include="Scene\Scene.h">
      <Filter>Scene</Filter>
    </ClInclude>
    <ClInclude Include="Camera.h" />
    <ClInclude Include="Tool\MyVector2.h">
      <Filter>Tool</Filter>
    </ClInclude>
    <ClInclude Include="Tool\read_csv.h">
      <Filter>Tool</Filter>
    </ClInclude>
    <ClInclude Include="Tool\timer.h">
      <Filter>Tool</Filter>
    </ClInclude>
    <ClInclude Include="Scene\TitleScene.h">
      <Filter>Scene</Filter>
    </ClInclude>
    <ClInclude Include="Scene\Game.h">
      <Filter>Scene</Filter>
    </ClInclude>
    <ClInclude Include="Manager\CharactorManager.h">
      <Filter>Manager</Filter>
    </ClInclude>
    <ClInclude Include="Object\Object.h">
      <Filter>Object</Filter>
    </ClInclude>
    <ClInclude Include="Object\Charactor.h">
      <Filter>Object</Filter>
    </ClInclude>
    <ClInclude Include="Manager\ObjectManager.h">
      <Filter>Manager</Filter>
    </ClInclude>
    <ClInclude Include="Tool\Matrix.h">
      <Filter>Tool</Filter>
    </ClInclude>
    <ClInclude Include="Object\Snake.h">
      <Filter>Object\Snake</Filter>
    </ClInclude>
    <ClInclude Include="Object\Chain.h">
      <Filter>Object\Snake</Filter>
    </ClInclude>
    <ClInclude Include="Object\Util.h">
      <Filter>Object\Snake</Filter>
    </ClInclude>
    <ClInclude Include="Scene\TestScene.h">
      <Filter>Scene</Filter>
    </ClInclude>
    <ClInclude Include="Object\Snake_D.h">
      <Filter>Object\Snake</Filter>
    </ClInclude>
    <ClInclude Include="Object\Chain_D.h">
      <Filter>Object\Snake</Filter>
    </ClInclude>
    <ClInclude Include="Tool\MyVector3.h">
      <Filter>Tool</Filter>
    </ClInclude>
    <ClInclude Include="Object\Node.h">
      <Filter>Object\Snake</Filter>
    </ClInclude>
    <ClInclude Include="State\StateMachine.h">
      <Filter>Object\StateMachine</Filter>
    </ClInclude>
    <ClInclude Include="State\StateNode.h">
      <Filter>Object\StateMachine</Filter>
    </ClInclude>
    <ClInclude Include="State\SnakeState.h">
      <Filter>Object\StateMachine</Filter>
    </ClInclude>
    <ClInclude Include="Object\Player.h">
      <Filter>Object\Player</Filter>
    </ClInclude>
    <ClInclude Include="Manager\collision_box.h">
      <Filter>Manager\Collision</Filter>
    </ClInclude>
    <ClInclude Include="Manager\collision_layer.h">
      <Filter>Manager\Collision</Filter>
    </ClInclude>
    <ClInclude Include="Manager\collision_manager.h">
      <Filter>Manager\Collision</Filter>
    </ClInclude>
    <ClInclude Include="Object\PlayerBullet.h">
      <Filter>Object\Bullet</Filter>
    </ClInclude>
    <ClInclude Include="Object\Bullet.h">
      <Filter>Object\Bullet</Filter>
    </ClInclude>
    <ClInclude Include="State\PlayerBulletState.h">
      <Filter>Object\StateMachine</Filter>
    </ClInclude>
    <ClInclude Include="Object\Wall.h">
      <Filter>Object</Filter>
    </ClInclude>
    <ClInclude Include="Object\BasicBullet.h">
      <Filter>Object\Bullet</Filter>
    </ClInclude>
    <ClInclude Include="Object\Beam.h">
      <Filter>Object\Bullet</Filter>
    </ClInclude>
    <ClInclude Include="Object\Emitter\Emitter.h">
      <Filter>Object\Emitter</Filter>
    </ClInclude>
    <ClInclude Include="Object\Emitter\Particle.h">
      <Filter>Object\Emitter</Filter>
    </ClInclude>
    <ClInclude Include="Object\Emitter\BlockParticle.h">
      <Filter>Object\Emitter</Filter>
    </ClInclude>
    <ClInclude Include="Object\Emitter\BlockEmiiter.h">
      <Filter>Object\Emitter</Filter>
    </ClInclude>
    <ClInclude Include="Object\Emitter\CircleEmitter.h">
      <Filter>Object\Emitter</Filter>
    </ClInclude>
    <ClInclude Include="Object\Emitter\CircleParticle.h">
      <Filter>Object\Emitter</Filter>
    </ClInclude>
    <ClInclude Include="Object\ButtonWall.h">
      <Filter>Object</Filter>
    </ClInclude>
  </ItemGroup>
</Project>